// !$*UTF8*$!
{
	archiveVersion = 1;
	classes = {
	};
	objectVersion = 46;
	objects = {

/* Begin PBXBuildFile section */
		DA0683FF1C87E0310026431B /* Screen Shot 2016-03-02 at 9.59.05 PM.png in Resources */ = {isa = PBXBuildFile; fileRef = DA0683FE1C87E0300026431B /* Screen Shot 2016-03-02 at 9.59.05 PM.png */; };
		DA0684011C87E4920026431B /* PingA.wav in Resources */ = {isa = PBXBuildFile; fileRef = DA0684001C87E4920026431B /* PingA.wav */; };
		DA6A99CB1C7D59F900A8B813 /* AppDelegate.swift in Sources */ = {isa = PBXBuildFile; fileRef = DA6A99CA1C7D59F900A8B813 /* AppDelegate.swift */; };
		DA6A99CD1C7D59F900A8B813 /* GameScene.sks in Resources */ = {isa = PBXBuildFile; fileRef = DA6A99CC1C7D59F900A8B813 /* GameScene.sks */; };
		DA6A99CF1C7D59F900A8B813 /* GameScene.swift in Sources */ = {isa = PBXBuildFile; fileRef = DA6A99CE1C7D59F900A8B813 /* GameScene.swift */; };
		DA6A99D11C7D59F900A8B813 /* GameViewController.swift in Sources */ = {isa = PBXBuildFile; fileRef = DA6A99D01C7D59F900A8B813 /* GameViewController.swift */; };
		DA6A99D41C7D59F900A8B813 /* Main.storyboard in Resources */ = {isa = PBXBuildFile; fileRef = DA6A99D21C7D59F900A8B813 /* Main.storyboard */; };
		DA6A99D61C7D59F900A8B813 /* Assets.xcassets in Resources */ = {isa = PBXBuildFile; fileRef = DA6A99D51C7D59F900A8B813 /* Assets.xcassets */; };
		DA6A99D91C7D59F900A8B813 /* LaunchScreen.storyboard in Resources */ = {isa = PBXBuildFile; fileRef = DA6A99D71C7D59F900A8B813 /* LaunchScreen.storyboard */; };
		DA6A99E41C7D59F900A8B813 /* SpriteKitTestingTests.swift in Sources */ = {isa = PBXBuildFile; fileRef = DA6A99E31C7D59F900A8B813 /* SpriteKitTestingTests.swift */; };
		DA6A99EF1C7D59F900A8B813 /* SpriteKitTestingUITests.swift in Sources */ = {isa = PBXBuildFile; fileRef = DA6A99EE1C7D59F900A8B813 /* SpriteKitTestingUITests.swift */; };
		DA6A99FD1C7D5F6600A8B813 /* MainMenu.sks in Resources */ = {isa = PBXBuildFile; fileRef = DA6A99FC1C7D5F6600A8B813 /* MainMenu.sks */; };
		DA6A99FF1C7D5FCE00A8B813 /* MainMenu.swift in Sources */ = {isa = PBXBuildFile; fileRef = DA6A99FE1C7D5FCE00A8B813 /* MainMenu.swift */; };
		DA83EFA31C8E85B100B4D398 /* AVTonePlayerUnit.swift in Sources */ = {isa = PBXBuildFile; fileRef = DA83EFA21C8E85B100B4D398 /* AVTonePlayerUnit.swift */; };
		DA8A9D8F1C9BA29300032F01 /* Tuner.sks in Resources */ = {isa = PBXBuildFile; fileRef = DA8A9D8E1C9BA29300032F01 /* Tuner.sks */; };
		DA8A9D911C9BAB0400032F01 /* AudioKit.framework in Frameworks */ = {isa = PBXBuildFile; fileRef = DA8A9D901C9BAB0400032F01 /* AudioKit.framework */; };
		DA8A9D921C9BAB0400032F01 /* AudioKit.framework in Embed Frameworks */ = {isa = PBXBuildFile; fileRef = DA8A9D901C9BAB0400032F01 /* AudioKit.framework */; settings = {ATTRIBUTES = (CodeSignOnCopy, RemoveHeadersOnCopy, ); }; };
		DA8A9D991C9BB43C00032F01 /* Pitch.swift in Sources */ = {isa = PBXBuildFile; fileRef = DA8A9D981C9BB43C00032F01 /* Pitch.swift */; };
		DA8A9D9B1C9BB45C00032F01 /* Note.swift in Sources */ = {isa = PBXBuildFile; fileRef = DA8A9D9A1C9BB45C00032F01 /* Note.swift */; };
		DA8A9D9D1C9E458600032F01 /* Tuner.swift in Sources */ = {isa = PBXBuildFile; fileRef = DA8A9D9C1C9E458600032F01 /* Tuner.swift */; };
		DADB0E131C98EFCC00F39690 /* RandomTone.swift in Sources */ = {isa = PBXBuildFile; fileRef = DADB0E121C98EFCB00F39690 /* RandomTone.swift */; };
/* End PBXBuildFile section */

/* Begin PBXContainerItemProxy section */
		DA6A99E01C7D59F900A8B813 /* PBXContainerItemProxy */ = {
			isa = PBXContainerItemProxy;
			containerPortal = DA6A99BF1C7D59F800A8B813 /* Project object */;
			proxyType = 1;
			remoteGlobalIDString = DA6A99C61C7D59F900A8B813;
			remoteInfo = SpriteKitTesting;
		};
		DA6A99EB1C7D59F900A8B813 /* PBXContainerItemProxy */ = {
			isa = PBXContainerItemProxy;
			containerPortal = DA6A99BF1C7D59F800A8B813 /* Project object */;
			proxyType = 1;
			remoteGlobalIDString = DA6A99C61C7D59F900A8B813;
			remoteInfo = SpriteKitTesting;
		};
/* End PBXContainerItemProxy section */

/* Begin PBXCopyFilesBuildPhase section */
		DA8A9D931C9BAB0400032F01 /* Embed Frameworks */ = {
			isa = PBXCopyFilesBuildPhase;
			buildActionMask = 2147483647;
			dstPath = "";
			dstSubfolderSpec = 10;
			files = (
				DA8A9D921C9BAB0400032F01 /* AudioKit.framework in Embed Frameworks */,
			);
			name = "Embed Frameworks";
			runOnlyForDeploymentPostprocessing = 0;
		};
/* End PBXCopyFilesBuildPhase section */

/* Begin PBXFileReference section */
		DA0683FE1C87E0300026431B /* Screen Shot 2016-03-02 at 9.59.05 PM.png */ = {isa = PBXFileReference; lastKnownFileType = image.png; name = "Screen Shot 2016-03-02 at 9.59.05 PM.png"; path = "../../../../../../../Desktop/Screen Shot 2016-03-02 at 9.59.05 PM.png"; sourceTree = "<group>"; };
		DA0684001C87E4920026431B /* PingA.wav */ = {isa = PBXFileReference; lastKnownFileType = audio.wav; name = PingA.wav; path = ../../../../../../../Desktop/PingA.wav; sourceTree = "<group>"; };
		DA6A99C71C7D59F900A8B813 /* SpriteKitTesting.app */ = {isa = PBXFileReference; explicitFileType = wrapper.application; includeInIndex = 0; path = SpriteKitTesting.app; sourceTree = BUILT_PRODUCTS_DIR; };
		DA6A99CA1C7D59F900A8B813 /* AppDelegate.swift */ = {isa = PBXFileReference; lastKnownFileType = sourcecode.swift; path = AppDelegate.swift; sourceTree = "<group>"; };
		DA6A99CC1C7D59F900A8B813 /* GameScene.sks */ = {isa = PBXFileReference; lastKnownFileType = file.sks; path = GameScene.sks; sourceTree = "<group>"; };
		DA6A99CE1C7D59F900A8B813 /* GameScene.swift */ = {isa = PBXFileReference; lastKnownFileType = sourcecode.swift; path = GameScene.swift; sourceTree = "<group>"; };
		DA6A99D01C7D59F900A8B813 /* GameViewController.swift */ = {isa = PBXFileReference; lastKnownFileType = sourcecode.swift; path = GameViewController.swift; sourceTree = "<group>"; };
		DA6A99D31C7D59F900A8B813 /* Base */ = {isa = PBXFileReference; lastKnownFileType = file.storyboard; name = Base; path = Base.lproj/Main.storyboard; sourceTree = "<group>"; };
		DA6A99D51C7D59F900A8B813 /* Assets.xcassets */ = {isa = PBXFileReference; lastKnownFileType = folder.assetcatalog; path = Assets.xcassets; sourceTree = "<group>"; };
		DA6A99D81C7D59F900A8B813 /* Base */ = {isa = PBXFileReference; lastKnownFileType = file.storyboard; name = Base; path = Base.lproj/LaunchScreen.storyboard; sourceTree = "<group>"; };
		DA6A99DA1C7D59F900A8B813 /* Info.plist */ = {isa = PBXFileReference; lastKnownFileType = text.plist.xml; path = Info.plist; sourceTree = "<group>"; };
		DA6A99DF1C7D59F900A8B813 /* SpriteKitTestingTests.xctest */ = {isa = PBXFileReference; explicitFileType = wrapper.cfbundle; includeInIndex = 0; path = SpriteKitTestingTests.xctest; sourceTree = BUILT_PRODUCTS_DIR; };
		DA6A99E31C7D59F900A8B813 /* SpriteKitTestingTests.swift */ = {isa = PBXFileReference; lastKnownFileType = sourcecode.swift; path = SpriteKitTestingTests.swift; sourceTree = "<group>"; };
		DA6A99E51C7D59F900A8B813 /* Info.plist */ = {isa = PBXFileReference; lastKnownFileType = text.plist.xml; path = Info.plist; sourceTree = "<group>"; };
		DA6A99EA1C7D59F900A8B813 /* SpriteKitTestingUITests.xctest */ = {isa = PBXFileReference; explicitFileType = wrapper.cfbundle; includeInIndex = 0; path = SpriteKitTestingUITests.xctest; sourceTree = BUILT_PRODUCTS_DIR; };
		DA6A99EE1C7D59F900A8B813 /* SpriteKitTestingUITests.swift */ = {isa = PBXFileReference; lastKnownFileType = sourcecode.swift; path = SpriteKitTestingUITests.swift; sourceTree = "<group>"; };
		DA6A99F01C7D59F900A8B813 /* Info.plist */ = {isa = PBXFileReference; lastKnownFileType = text.plist.xml; path = Info.plist; sourceTree = "<group>"; };
		DA6A99FC1C7D5F6600A8B813 /* MainMenu.sks */ = {isa = PBXFileReference; lastKnownFileType = file.sks; path = MainMenu.sks; sourceTree = "<group>"; };
		DA6A99FE1C7D5FCE00A8B813 /* MainMenu.swift */ = {isa = PBXFileReference; fileEncoding = 4; lastKnownFileType = sourcecode.swift; path = MainMenu.swift; sourceTree = "<group>"; };
		DA83EFA21C8E85B100B4D398 /* AVTonePlayerUnit.swift */ = {isa = PBXFileReference; fileEncoding = 4; lastKnownFileType = sourcecode.swift; path = AVTonePlayerUnit.swift; sourceTree = "<group>"; };
		DA8A9D8E1C9BA29300032F01 /* Tuner.sks */ = {isa = PBXFileReference; lastKnownFileType = file.sks; path = Tuner.sks; sourceTree = "<group>"; };
		DA8A9D901C9BAB0400032F01 /* AudioKit.framework */ = {isa = PBXFileReference; lastKnownFileType = wrapper.framework; name = AudioKit.framework; path = ../AudioKit.framework; sourceTree = "<group>"; };
		DA8A9D981C9BB43C00032F01 /* Pitch.swift */ = {isa = PBXFileReference; fileEncoding = 4; lastKnownFileType = sourcecode.swift; path = Pitch.swift; sourceTree = "<group>"; };
		DA8A9D9A1C9BB45C00032F01 /* Note.swift */ = {isa = PBXFileReference; fileEncoding = 4; lastKnownFileType = sourcecode.swift; path = Note.swift; sourceTree = "<group>"; };
		DA8A9D9C1C9E458600032F01 /* Tuner.swift */ = {isa = PBXFileReference; fileEncoding = 4; lastKnownFileType = sourcecode.swift; name = Tuner.swift; path = "/Users/dustin/Documents/OMS CS/EdTech/Prototypes/SpriteKit/SpriteKitTesting/SpriteKitTesting/Tuner.swift"; sourceTree = "<absolute>"; };
		DADB0E121C98EFCB00F39690 /* RandomTone.swift */ = {isa = PBXFileReference; fileEncoding = 4; lastKnownFileType = sourcecode.swift; path = RandomTone.swift; sourceTree = "<group>"; };
/* End PBXFileReference section */

/* Begin PBXFrameworksBuildPhase section */
		DA6A99C41C7D59F900A8B813 /* Frameworks */ = {
			isa = PBXFrameworksBuildPhase;
			buildActionMask = 2147483647;
			files = (
				DA8A9D911C9BAB0400032F01 /* AudioKit.framework in Frameworks */,
			);
			runOnlyForDeploymentPostprocessing = 0;
		};
		DA6A99DC1C7D59F900A8B813 /* Frameworks */ = {
			isa = PBXFrameworksBuildPhase;
			buildActionMask = 2147483647;
			files = (
			);
			runOnlyForDeploymentPostprocessing = 0;
		};
		DA6A99E71C7D59F900A8B813 /* Frameworks */ = {
			isa = PBXFrameworksBuildPhase;
			buildActionMask = 2147483647;
			files = (
			);
			runOnlyForDeploymentPostprocessing = 0;
		};
/* End PBXFrameworksBuildPhase section */

/* Begin PBXGroup section */
		DA6A99BE1C7D59F800A8B813 = {
			isa = PBXGroup;
			children = (
				DA6A99C91C7D59F900A8B813 /* SpriteKitTesting */,
				DA6A99E21C7D59F900A8B813 /* SpriteKitTestingTests */,
				DA6A99ED1C7D59F900A8B813 /* SpriteKitTestingUITests */,
				DA6A99C81C7D59F900A8B813 /* Products */,
			);
			sourceTree = "<group>";
		};
		DA6A99C81C7D59F900A8B813 /* Products */ = {
			isa = PBXGroup;
			children = (
				DA6A99C71C7D59F900A8B813 /* SpriteKitTesting.app */,
				DA6A99DF1C7D59F900A8B813 /* SpriteKitTestingTests.xctest */,
				DA6A99EA1C7D59F900A8B813 /* SpriteKitTestingUITests.xctest */,
			);
			name = Products;
			sourceTree = "<group>";
		};
		DA6A99C91C7D59F900A8B813 /* SpriteKitTesting */ = {
			isa = PBXGroup;
			children = (
				DA8A9D971C9BB31000032F01 /* Tuner Logic */,
				DA8A9D951C9BABC900032F01 /* Scenes */,
				DADB0E121C98EFCB00F39690 /* RandomTone.swift */,
				DA6A99CA1C7D59F900A8B813 /* AppDelegate.swift */,
				DA6A99CE1C7D59F900A8B813 /* GameScene.swift */,
				DA83EFA21C8E85B100B4D398 /* AVTonePlayerUnit.swift */,
				DA6A99FE1C7D5FCE00A8B813 /* MainMenu.swift */,
				DA6A99D01C7D59F900A8B813 /* GameViewController.swift */,
				DA6A99D21C7D59F900A8B813 /* Main.storyboard */,
				DA6A99D71C7D59F900A8B813 /* LaunchScreen.storyboard */,
				DA6A99DA1C7D59F900A8B813 /* Info.plist */,
				DA8A9D961C9BABFC00032F01 /* Assets */,
				DA8A9D941C9BABB000032F01 /* Frameworks */,
			);
			path = SpriteKitTesting;
			sourceTree = "<group>";
		};
		DA6A99E21C7D59F900A8B813 /* SpriteKitTestingTests */ = {
			isa = PBXGroup;
			children = (
				DA6A99E31C7D59F900A8B813 /* SpriteKitTestingTests.swift */,
				DA6A99E51C7D59F900A8B813 /* Info.plist */,
			);
			path = SpriteKitTestingTests;
			sourceTree = "<group>";
		};
		DA6A99ED1C7D59F900A8B813 /* SpriteKitTestingUITests */ = {
			isa = PBXGroup;
			children = (
				DA6A99EE1C7D59F900A8B813 /* SpriteKitTestingUITests.swift */,
				DA6A99F01C7D59F900A8B813 /* Info.plist */,
			);
			path = SpriteKitTestingUITests;
			sourceTree = "<group>";
		};
		DA8A9D941C9BABB000032F01 /* Frameworks */ = {
			isa = PBXGroup;
			children = (
				DA8A9D901C9BAB0400032F01 /* AudioKit.framework */,
			);
			name = Frameworks;
			sourceTree = "<group>";
		};
		DA8A9D951C9BABC900032F01 /* Scenes */ = {
			isa = PBXGroup;
			children = (
				DA6A99CC1C7D59F900A8B813 /* GameScene.sks */,
				DA8A9D8E1C9BA29300032F01 /* Tuner.sks */,
				DA6A99FC1C7D5F6600A8B813 /* MainMenu.sks */,
			);
			name = Scenes;
			sourceTree = "<group>";
		};
		DA8A9D961C9BABFC00032F01 /* Assets */ = {
			isa = PBXGroup;
			children = (
				DA0683FE1C87E0300026431B /* Screen Shot 2016-03-02 at 9.59.05 PM.png */,
				DA0684001C87E4920026431B /* PingA.wav */,
				DA6A99D51C7D59F900A8B813 /* Assets.xcassets */,
			);
			name = Assets;
			sourceTree = "<group>";
		};
		DA8A9D971C9BB31000032F01 /* Tuner Logic */ = {
			isa = PBXGroup;
			children = (
				DA8A9D981C9BB43C00032F01 /* Pitch.swift */,
				DA8A9D9A1C9BB45C00032F01 /* Note.swift */,
				DA8A9D9C1C9E458600032F01 /* Tuner.swift */,
			);
			name = "Tuner Logic";
			sourceTree = "<group>";
		};
/* End PBXGroup section */

/* Begin PBXNativeTarget section */
		DA6A99C61C7D59F900A8B813 /* SpriteKitTesting */ = {
			isa = PBXNativeTarget;
			buildConfigurationList = DA6A99F31C7D59F900A8B813 /* Build configuration list for PBXNativeTarget "SpriteKitTesting" */;
			buildPhases = (
				DA6A99C31C7D59F900A8B813 /* Sources */,
				DA6A99C41C7D59F900A8B813 /* Frameworks */,
				DA6A99C51C7D59F900A8B813 /* Resources */,
				DA8A9D931C9BAB0400032F01 /* Embed Frameworks */,
			);
			buildRules = (
			);
			dependencies = (
			);
			name = SpriteKitTesting;
			productName = SpriteKitTesting;
			productReference = DA6A99C71C7D59F900A8B813 /* SpriteKitTesting.app */;
			productType = "com.apple.product-type.application";
		};
		DA6A99DE1C7D59F900A8B813 /* SpriteKitTestingTests */ = {
			isa = PBXNativeTarget;
			buildConfigurationList = DA6A99F61C7D59F900A8B813 /* Build configuration list for PBXNativeTarget "SpriteKitTestingTests" */;
			buildPhases = (
				DA6A99DB1C7D59F900A8B813 /* Sources */,
				DA6A99DC1C7D59F900A8B813 /* Frameworks */,
				DA6A99DD1C7D59F900A8B813 /* Resources */,
			);
			buildRules = (
			);
			dependencies = (
				DA6A99E11C7D59F900A8B813 /* PBXTargetDependency */,
			);
			name = SpriteKitTestingTests;
			productName = SpriteKitTestingTests;
			productReference = DA6A99DF1C7D59F900A8B813 /* SpriteKitTestingTests.xctest */;
			productType = "com.apple.product-type.bundle.unit-test";
		};
		DA6A99E91C7D59F900A8B813 /* SpriteKitTestingUITests */ = {
			isa = PBXNativeTarget;
			buildConfigurationList = DA6A99F91C7D59F900A8B813 /* Build configuration list for PBXNativeTarget "SpriteKitTestingUITests" */;
			buildPhases = (
				DA6A99E61C7D59F900A8B813 /* Sources */,
				DA6A99E71C7D59F900A8B813 /* Frameworks */,
				DA6A99E81C7D59F900A8B813 /* Resources */,
			);
			buildRules = (
			);
			dependencies = (
				DA6A99EC1C7D59F900A8B813 /* PBXTargetDependency */,
			);
			name = SpriteKitTestingUITests;
			productName = SpriteKitTestingUITests;
			productReference = DA6A99EA1C7D59F900A8B813 /* SpriteKitTestingUITests.xctest */;
			productType = "com.apple.product-type.bundle.ui-testing";
		};
/* End PBXNativeTarget section */

/* Begin PBXProject section */
		DA6A99BF1C7D59F800A8B813 /* Project object */ = {
			isa = PBXProject;
			attributes = {
				LastSwiftUpdateCheck = 0720;
				LastUpgradeCheck = 0720;
				ORGANIZATIONNAME = "Dustin Watts";
				TargetAttributes = {
					DA6A99C61C7D59F900A8B813 = {
						CreatedOnToolsVersion = 7.2.1;
						DevelopmentTeam = 42SGHUT829;
					};
					DA6A99DE1C7D59F900A8B813 = {
						CreatedOnToolsVersion = 7.2.1;
						DevelopmentTeam = 42SGHUT829;
						TestTargetID = DA6A99C61C7D59F900A8B813;
					};
					DA6A99E91C7D59F900A8B813 = {
						CreatedOnToolsVersion = 7.2.1;
						DevelopmentTeam = 42SGHUT829;
						TestTargetID = DA6A99C61C7D59F900A8B813;
					};
				};
			};
			buildConfigurationList = DA6A99C21C7D59F800A8B813 /* Build configuration list for PBXProject "SpriteKitTesting" */;
			compatibilityVersion = "Xcode 3.2";
			developmentRegion = English;
			hasScannedForEncodings = 0;
			knownRegions = (
				en,
				Base,
			);
			mainGroup = DA6A99BE1C7D59F800A8B813;
			productRefGroup = DA6A99C81C7D59F900A8B813 /* Products */;
			projectDirPath = "";
			projectRoot = "";
			targets = (
				DA6A99C61C7D59F900A8B813 /* SpriteKitTesting */,
				DA6A99DE1C7D59F900A8B813 /* SpriteKitTestingTests */,
				DA6A99E91C7D59F900A8B813 /* SpriteKitTestingUITests */,
			);
		};
/* End PBXProject section */

/* Begin PBXResourcesBuildPhase section */
		DA6A99C51C7D59F900A8B813 /* Resources */ = {
			isa = PBXResourcesBuildPhase;
			buildActionMask = 2147483647;
			files = (
				DA6A99CD1C7D59F900A8B813 /* GameScene.sks in Resources */,
				DA6A99D91C7D59F900A8B813 /* LaunchScreen.storyboard in Resources */,
				DA6A99D61C7D59F900A8B813 /* Assets.xcassets in Resources */,
				DA0683FF1C87E0310026431B /* Screen Shot 2016-03-02 at 9.59.05 PM.png in Resources */,
				DA6A99FD1C7D5F6600A8B813 /* MainMenu.sks in Resources */,
				DA6A99D41C7D59F900A8B813 /* Main.storyboard in Resources */,
				DA8A9D8F1C9BA29300032F01 /* Tuner.sks in Resources */,
				DA0684011C87E4920026431B /* PingA.wav in Resources */,
			);
			runOnlyForDeploymentPostprocessing = 0;
		};
		DA6A99DD1C7D59F900A8B813 /* Resources */ = {
			isa = PBXResourcesBuildPhase;
			buildActionMask = 2147483647;
			files = (
			);
			runOnlyForDeploymentPostprocessing = 0;
		};
		DA6A99E81C7D59F900A8B813 /* Resources */ = {
			isa = PBXResourcesBuildPhase;
			buildActionMask = 2147483647;
			files = (
			);
			runOnlyForDeploymentPostprocessing = 0;
		};
/* End PBXResourcesBuildPhase section */

/* Begin PBXSourcesBuildPhase section */
		DA6A99C31C7D59F900A8B813 /* Sources */ = {
			isa = PBXSourcesBuildPhase;
			buildActionMask = 2147483647;
			files = (
				DA6A99CF1C7D59F900A8B813 /* GameScene.swift in Sources */,
				DA8A9D9D1C9E458600032F01 /* Tuner.swift in Sources */,
				DA8A9D991C9BB43C00032F01 /* Pitch.swift in Sources */,
				DA83EFA31C8E85B100B4D398 /* AVTonePlayerUnit.swift in Sources */,
				DA8A9D9B1C9BB45C00032F01 /* Note.swift in Sources */,
				DA6A99D11C7D59F900A8B813 /* GameViewController.swift in Sources */,
				DA6A99CB1C7D59F900A8B813 /* AppDelegate.swift in Sources */,
				DADB0E131C98EFCC00F39690 /* RandomTone.swift in Sources */,
				DA6A99FF1C7D5FCE00A8B813 /* MainMenu.swift in Sources */,
			);
			runOnlyForDeploymentPostprocessing = 0;
		};
		DA6A99DB1C7D59F900A8B813 /* Sources */ = {
			isa = PBXSourcesBuildPhase;
			buildActionMask = 2147483647;
			files = (
				DA6A99E41C7D59F900A8B813 /* SpriteKitTestingTests.swift in Sources */,
			);
			runOnlyForDeploymentPostprocessing = 0;
		};
		DA6A99E61C7D59F900A8B813 /* Sources */ = {
			isa = PBXSourcesBuildPhase;
			buildActionMask = 2147483647;
			files = (
				DA6A99EF1C7D59F900A8B813 /* SpriteKitTestingUITests.swift in Sources */,
			);
			runOnlyForDeploymentPostprocessing = 0;
		};
/* End PBXSourcesBuildPhase section */

/* Begin PBXTargetDependency section */
		DA6A99E11C7D59F900A8B813 /* PBXTargetDependency */ = {
			isa = PBXTargetDependency;
			target = DA6A99C61C7D59F900A8B813 /* SpriteKitTesting */;
			targetProxy = DA6A99E01C7D59F900A8B813 /* PBXContainerItemProxy */;
		};
		DA6A99EC1C7D59F900A8B813 /* PBXTargetDependency */ = {
			isa = PBXTargetDependency;
			target = DA6A99C61C7D59F900A8B813 /* SpriteKitTesting */;
			targetProxy = DA6A99EB1C7D59F900A8B813 /* PBXContainerItemProxy */;
		};
/* End PBXTargetDependency section */

/* Begin PBXVariantGroup section */
		DA6A99D21C7D59F900A8B813 /* Main.storyboard */ = {
			isa = PBXVariantGroup;
			children = (
				DA6A99D31C7D59F900A8B813 /* Base */,
			);
			name = Main.storyboard;
			sourceTree = "<group>";
		};
		DA6A99D71C7D59F900A8B813 /* LaunchScreen.storyboard */ = {
			isa = PBXVariantGroup;
			children = (
				DA6A99D81C7D59F900A8B813 /* Base */,
			);
			name = LaunchScreen.storyboard;
			sourceTree = "<group>";
		};
/* End PBXVariantGroup section */

/* Begin XCBuildConfiguration section */
		DA6A99F11C7D59F900A8B813 /* Debug */ = {
			isa = XCBuildConfiguration;
			buildSettings = {
				ALWAYS_SEARCH_USER_PATHS = NO;
				CLANG_CXX_LANGUAGE_STANDARD = "gnu++0x";
				CLANG_CXX_LIBRARY = "libc++";
				CLANG_ENABLE_MODULES = YES;
				CLANG_ENABLE_OBJC_ARC = YES;
				CLANG_WARN_BOOL_CONVERSION = YES;
				CLANG_WARN_CONSTANT_CONVERSION = YES;
				CLANG_WARN_DIRECT_OBJC_ISA_USAGE = YES_ERROR;
				CLANG_WARN_EMPTY_BODY = YES;
				CLANG_WARN_ENUM_CONVERSION = YES;
				CLANG_WARN_INT_CONVERSION = YES;
				CLANG_WARN_OBJC_ROOT_CLASS = YES_ERROR;
				CLANG_WARN_UNREACHABLE_CODE = YES;
				CLANG_WARN__DUPLICATE_METHOD_MATCH = YES;
				"CODE_SIGN_IDENTITY[sdk=iphoneos*]" = "iPhone Developer";
				COPY_PHASE_STRIP = NO;
				DEBUG_INFORMATION_FORMAT = "dwarf-with-dsym";
				ENABLE_STRICT_OBJC_MSGSEND = YES;
				ENABLE_TESTABILITY = YES;
				GCC_C_LANGUAGE_STANDARD = gnu99;
				GCC_DYNAMIC_NO_PIC = NO;
				GCC_NO_COMMON_BLOCKS = YES;
				GCC_OPTIMIZATION_LEVEL = 0;
				GCC_PREPROCESSOR_DEFINITIONS = (
					"DEBUG=1",
					"$(inherited)",
				);
				GCC_WARN_64_TO_32_BIT_CONVERSION = YES;
				GCC_WARN_ABOUT_RETURN_TYPE = YES_ERROR;
				GCC_WARN_UNDECLARED_SELECTOR = YES;
				GCC_WARN_UNINITIALIZED_AUTOS = YES_AGGRESSIVE;
				GCC_WARN_UNUSED_FUNCTION = YES;
				GCC_WARN_UNUSED_VARIABLE = YES;
				IPHONEOS_DEPLOYMENT_TARGET = 9.2;
				MTL_ENABLE_DEBUG_INFO = YES;
				ONLY_ACTIVE_ARCH = YES;
				SDKROOT = iphoneos;
				SWIFT_OPTIMIZATION_LEVEL = "-Onone";
				TARGETED_DEVICE_FAMILY = "1,2";
			};
			name = Debug;
		};
		DA6A99F21C7D59F900A8B813 /* Release */ = {
			isa = XCBuildConfiguration;
			buildSettings = {
				ALWAYS_SEARCH_USER_PATHS = NO;
				CLANG_CXX_LANGUAGE_STANDARD = "gnu++0x";
				CLANG_CXX_LIBRARY = "libc++";
				CLANG_ENABLE_MODULES = YES;
				CLANG_ENABLE_OBJC_ARC = YES;
				CLANG_WARN_BOOL_CONVERSION = YES;
				CLANG_WARN_CONSTANT_CONVERSION = YES;
				CLANG_WARN_DIRECT_OBJC_ISA_USAGE = YES_ERROR;
				CLANG_WARN_EMPTY_BODY = YES;
				CLANG_WARN_ENUM_CONVERSION = YES;
				CLANG_WARN_INT_CONVERSION = YES;
				CLANG_WARN_OBJC_ROOT_CLASS = YES_ERROR;
				CLANG_WARN_UNREACHABLE_CODE = YES;
				CLANG_WARN__DUPLICATE_METHOD_MATCH = YES;
				"CODE_SIGN_IDENTITY[sdk=iphoneos*]" = "iPhone Developer";
				COPY_PHASE_STRIP = NO;
				DEBUG_INFORMATION_FORMAT = "dwarf-with-dsym";
				ENABLE_NS_ASSERTIONS = NO;
				ENABLE_STRICT_OBJC_MSGSEND = YES;
				GCC_C_LANGUAGE_STANDARD = gnu99;
				GCC_NO_COMMON_BLOCKS = YES;
				GCC_WARN_64_TO_32_BIT_CONVERSION = YES;
				GCC_WARN_ABOUT_RETURN_TYPE = YES_ERROR;
				GCC_WARN_UNDECLARED_SELECTOR = YES;
				GCC_WARN_UNINITIALIZED_AUTOS = YES_AGGRESSIVE;
				GCC_WARN_UNUSED_FUNCTION = YES;
				GCC_WARN_UNUSED_VARIABLE = YES;
				IPHONEOS_DEPLOYMENT_TARGET = 9.2;
				MTL_ENABLE_DEBUG_INFO = NO;
				SDKROOT = iphoneos;
				TARGETED_DEVICE_FAMILY = "1,2";
				VALIDATE_PRODUCT = YES;
			};
			name = Release;
		};
		DA6A99F41C7D59F900A8B813 /* Debug */ = {
			isa = XCBuildConfiguration;
			buildSettings = {
				ASSETCATALOG_COMPILER_APPICON_NAME = AppIcon;
				FRAMEWORK_SEARCH_PATHS = (
					"$(inherited)",
					"$(PROJECT_DIR)",
				);
				INFOPLIST_FILE = SpriteKitTesting/Info.plist;
				LD_RUNPATH_SEARCH_PATHS = "$(inherited) @executable_path/Frameworks";
				PRODUCT_BUNDLE_IDENTIFIER = com.gigwatts.SpriteKitTesting;
				PRODUCT_NAME = "$(TARGET_NAME)";
			};
			name = Debug;
		};
		DA6A99F51C7D59F900A8B813 /* Release */ = {
			isa = XCBuildConfiguration;
			buildSettings = {
				ASSETCATALOG_COMPILER_APPICON_NAME = AppIcon;
				FRAMEWORK_SEARCH_PATHS = (
					"$(inherited)",
					"$(PROJECT_DIR)",
				);
				INFOPLIST_FILE = SpriteKitTesting/Info.plist;
				LD_RUNPATH_SEARCH_PATHS = "$(inherited) @executable_path/Frameworks";
				PRODUCT_BUNDLE_IDENTIFIER = com.gigwatts.SpriteKitTesting;
				PRODUCT_NAME = "$(TARGET_NAME)";
			};
			name = Release;
		};
		DA6A99F71C7D59F900A8B813 /* Debug */ = {
			isa = XCBuildConfiguration;
			buildSettings = {
				BUNDLE_LOADER = "$(TEST_HOST)";
				DEBUG_INFORMATION_FORMAT = dwarf;
				INFOPLIST_FILE = SpriteKitTestingTests/Info.plist;
				LD_RUNPATH_SEARCH_PATHS = "$(inherited) @executable_path/Frameworks @loader_path/Frameworks";
				PRODUCT_BUNDLE_IDENTIFIER = com.gigwatts.SpriteKitTestingTests;
				PRODUCT_NAME = "$(TARGET_NAME)";
				TEST_HOST = "$(BUILT_PRODUCTS_DIR)/SpriteKitTesting.app/SpriteKitTesting";
			};
			name = Debug;
		};
		DA6A99F81C7D59F900A8B813 /* Release */ = {
			isa = XCBuildConfiguration;
			buildSettings = {
				BUNDLE_LOADER = "$(TEST_HOST)";
				INFOPLIST_FILE = SpriteKitTestingTests/Info.plist;
				LD_RUNPATH_SEARCH_PATHS = "$(inherited) @executable_path/Frameworks @loader_path/Frameworks";
				PRODUCT_BUNDLE_IDENTIFIER = com.gigwatts.SpriteKitTestingTests;
				PRODUCT_NAME = "$(TARGET_NAME)";
				TEST_HOST = "$(BUILT_PRODUCTS_DIR)/SpriteKitTesting.app/SpriteKitTesting";
			};
			name = Release;
		};
		DA6A99FA1C7D59F900A8B813 /* Debug */ = {
			isa = XCBuildConfiguration;
			buildSettings = {
				DEBUG_INFORMATION_FORMAT = dwarf;
				INFOPLIST_FILE = SpriteKitTestingUITests/Info.plist;
				LD_RUNPATH_SEARCH_PATHS = "$(inherited) @executable_path/Frameworks @loader_path/Frameworks";
				PRODUCT_BUNDLE_IDENTIFIER = com.gigwatts.SpriteKitTestingUITests;
				PRODUCT_NAME = "$(TARGET_NAME)";
				TEST_TARGET_NAME = SpriteKitTesting;
				USES_XCTRUNNER = YES;
			};
			name = Debug;
		};
		DA6A99FB1C7D59F900A8B813 /* Release */ = {
			isa = XCBuildConfiguration;
			buildSettings = {
				INFOPLIST_FILE = SpriteKitTestingUITests/Info.plist;
				LD_RUNPATH_SEARCH_PATHS = "$(inherited) @executable_path/Frameworks @loader_path/Frameworks";
				PRODUCT_BUNDLE_IDENTIFIER = com.gigwatts.SpriteKitTestingUITests;
				PRODUCT_NAME = "$(TARGET_NAME)";
				TEST_TARGET_NAME = SpriteKitTesting;
				USES_XCTRUNNER = YES;
			};
			name = Release;
		};
/* End XCBuildConfiguration section */

/* Begin XCConfigurationList section */
		DA6A99C21C7D59F800A8B813 /* Build configuration list for PBXProject "SpriteKitTesting" */ = {
			isa = XCConfigurationList;
			buildConfigurations = (
				DA6A99F11C7D59F900A8B813 /* Debug */,
				DA6A99F21C7D59F900A8B813 /* Release */,
			);
			defaultConfigurationIsVisible = 0;
			defaultConfigurationName = Release;
		};
		DA6A99F31C7D59F900A8B813 /* Build configuration list for PBXNativeTarget "SpriteKitTesting" */ = {
			isa = XCConfigurationList;
			buildConfigurations = (
				DA6A99F41C7D59F900A8B813 /* Debug */,
				DA6A99F51C7D59F900A8B813 /* Release */,
			);
			defaultConfigurationIsVisible = 0;
			defaultConfigurationName = Release;
		};
		DA6A99F61C7D59F900A8B813 /* Build configuration list for PBXNativeTarget "SpriteKitTestingTests" */ = {
			isa = XCConfigurationList;
			buildConfigurations = (
				DA6A99F71C7D59F900A8B813 /* Debug */,
				DA6A99F81C7D59F900A8B813 /* Release */,
			);
			defaultConfigurationIsVisible = 0;
			defaultConfigurationName = Release;
		};
		DA6A99F91C7D59F900A8B813 /* Build configuration list for PBXNativeTarget "SpriteKitTestingUITests" */ = {
			isa = XCConfigurationList;
			buildConfigurations = (
				DA6A99FA1C7D59F900A8B813 /* Debug */,
				DA6A99FB1C7D59F900A8B813 /* Release */,
			);
			defaultConfigurationIsVisible = 0;
			defaultConfigurationName = Release;
		};
/* End XCConfigurationList section */
	};
	rootObject = DA6A99BF1C7D59F800A8B813 /* Project object */;
}
